// !$*UTF8*$!
{
	archiveVersion = 1;
	classes = {
	};
	objectVersion = 46;
	objects = {

/* Begin PBXBuildFile section */
		00C302E51ABCBA2D00DB3ED1 /* libRCTActionSheet.a in Frameworks */ = {isa = PBXBuildFile; fileRef = 00C302AC1ABCB8CE00DB3ED1 /* libRCTActionSheet.a */; };
		00C302E71ABCBA2D00DB3ED1 /* libRCTGeolocation.a in Frameworks */ = {isa = PBXBuildFile; fileRef = 00C302BA1ABCB90400DB3ED1 /* libRCTGeolocation.a */; };
		00C302E81ABCBA2D00DB3ED1 /* libRCTImage.a in Frameworks */ = {isa = PBXBuildFile; fileRef = 00C302C01ABCB91800DB3ED1 /* libRCTImage.a */; };
		00C302E91ABCBA2D00DB3ED1 /* libRCTNetwork.a in Frameworks */ = {isa = PBXBuildFile; fileRef = 00C302DC1ABCB9D200DB3ED1 /* libRCTNetwork.a */; };
		00C302EA1ABCBA2D00DB3ED1 /* libRCTVibration.a in Frameworks */ = {isa = PBXBuildFile; fileRef = 00C302E41ABCB9EE00DB3ED1 /* libRCTVibration.a */; };
		133E29F31AD74F7200F7D852 /* libRCTLinking.a in Frameworks */ = {isa = PBXBuildFile; fileRef = 78C398B91ACF4ADC00677621 /* libRCTLinking.a */; };
		139105C61AF99C1200B5F7CC /* libRCTSettings.a in Frameworks */ = {isa = PBXBuildFile; fileRef = 139105C11AF99BAD00B5F7CC /* libRCTSettings.a */; };
		139FDEF61B0652A700C62182 /* libRCTWebSocket.a in Frameworks */ = {isa = PBXBuildFile; fileRef = 139FDEF41B06529B00C62182 /* libRCTWebSocket.a */; };
		146834051AC3E58100842450 /* libReact.a in Frameworks */ = {isa = PBXBuildFile; fileRef = 146834041AC3E56700842450 /* libReact.a */; };
		4C9DDF35B64E4144AFDEF41E /* libRNImagePicker.a in Frameworks */ = {isa = PBXBuildFile; fileRef = E53B7BBE89244B57AD7BD320 /* libRNImagePicker.a */; };
		813A33BD1D683A8100F57BA3 /* AFNetworking.framework in Embed Frameworks */ = {isa = PBXBuildFile; fileRef = 813A33BB1D683A8100F57BA3 /* AFNetworking.framework */; settings = {ATTRIBUTES = (CodeSignOnCopy, RemoveHeadersOnCopy, ); }; };
		816882F51DD1AC25000E72ED /* libWeChatSDK.a in Frameworks */ = {isa = PBXBuildFile; fileRef = 816882F41DD1AC25000E72ED /* libWeChatSDK.a */; };
		816882F71DD1AC67000E72ED /* libc++.tbd in Frameworks */ = {isa = PBXBuildFile; fileRef = 816882F61DD1AC67000E72ED /* libc++.tbd */; };
		816882F91DD1AC7F000E72ED /* CoreTelephony.framework in Frameworks */ = {isa = PBXBuildFile; fileRef = 816882F81DD1AC7F000E72ED /* CoreTelephony.framework */; };
		81766B101D9CB2AA006B7401 /* AppDelegate.m in Sources */ = {isa = PBXBuildFile; fileRef = 81766AE81D9CB2AA006B7401 /* AppDelegate.m */; };
		81766B1F1D9CB2AA006B7401 /* LaunchScreen.xib in Resources */ = {isa = PBXBuildFile; fileRef = 81766B001D9CB2AA006B7401 /* LaunchScreen.xib */; };
		81766B201D9CB2AA006B7401 /* Images.xcassets in Resources */ = {isa = PBXBuildFile; fileRef = 81766B021D9CB2AA006B7401 /* Images.xcassets */; };
		81766B211D9CB2AA006B7401 /* Info.plist in Resources */ = {isa = PBXBuildFile; fileRef = 81766B031D9CB2AA006B7401 /* Info.plist */; };
		81766B241D9CB2AA006B7401 /* main.m in Sources */ = {isa = PBXBuildFile; fileRef = 81766B061D9CB2AA006B7401 /* main.m */; };
		81766B251D9CB2AA006B7401 /* RNUtilsModule.m in Sources */ = {isa = PBXBuildFile; fileRef = 81766B0A1D9CB2AA006B7401 /* RNUtilsModule.m */; };
		81766B261D9CB2AA006B7401 /* RNUtils.m in Sources */ = {isa = PBXBuildFile; fileRef = 81766B0D1D9CB2AA006B7401 /* RNUtils.m */; };
		81766B271D9CB2AA006B7401 /* LaunchScreen.strings in Resources */ = {isa = PBXBuildFile; fileRef = 81766B0E1D9CB2AA006B7401 /* LaunchScreen.strings */; };
		81A790861D61C6660004ACC7 /* SystemConfiguration.framework in Frameworks */ = {isa = PBXBuildFile; fileRef = 81A790851D61C6660004ACC7 /* SystemConfiguration.framework */; };
		81B2F9221D69451000C8C742 /* libz.1.2.5.tbd in Frameworks */ = {isa = PBXBuildFile; fileRef = 81B2F9211D69451000C8C742 /* libz.1.2.5.tbd */; };
		81B2FA2B1D69893400C8C742 /* aescrypt.c in Sources */ = {isa = PBXBuildFile; fileRef = 81B2FA081D69893400C8C742 /* aescrypt.c */; };
		81B2FA2C1D69893400C8C742 /* aeskey.c in Sources */ = {isa = PBXBuildFile; fileRef = 81B2FA091D69893400C8C742 /* aeskey.c */; };
		81B2FA2D1D69893400C8C742 /* aestab.c in Sources */ = {isa = PBXBuildFile; fileRef = 81B2FA0B1D69893400C8C742 /* aestab.c */; };
		81B2FA2E1D69893400C8C742 /* entropy.c in Sources */ = {isa = PBXBuildFile; fileRef = 81B2FA0F1D69893400C8C742 /* entropy.c */; };
		81B2FA2F1D69893400C8C742 /* fileenc.c in Sources */ = {isa = PBXBuildFile; fileRef = 81B2FA111D69893400C8C742 /* fileenc.c */; };
		81B2FA301D69893400C8C742 /* hmac.c in Sources */ = {isa = PBXBuildFile; fileRef = 81B2FA131D69893400C8C742 /* hmac.c */; };
		81B2FA311D69893400C8C742 /* prng.c in Sources */ = {isa = PBXBuildFile; fileRef = 81B2FA151D69893400C8C742 /* prng.c */; };
		81B2FA321D69893400C8C742 /* pwd2key.c in Sources */ = {isa = PBXBuildFile; fileRef = 81B2FA171D69893400C8C742 /* pwd2key.c */; };
		81B2FA331D69893400C8C742 /* sha1.c in Sources */ = {isa = PBXBuildFile; fileRef = 81B2FA191D69893400C8C742 /* sha1.c */; };
		81B2FA341D69893400C8C742 /* Info.plist in Resources */ = {isa = PBXBuildFile; fileRef = 81B2FA1B1D69893400C8C742 /* Info.plist */; };
		81B2FA351D69893400C8C742 /* ioapi.c in Sources */ = {isa = PBXBuildFile; fileRef = 81B2FA1E1D69893400C8C742 /* ioapi.c */; };
		81B2FA361D69893400C8C742 /* mztools.c in Sources */ = {isa = PBXBuildFile; fileRef = 81B2FA201D69893400C8C742 /* mztools.c */; };
		81B2FA371D69893400C8C742 /* unzip.c in Sources */ = {isa = PBXBuildFile; fileRef = 81B2FA221D69893400C8C742 /* unzip.c */; };
		81B2FA381D69893400C8C742 /* zip.c in Sources */ = {isa = PBXBuildFile; fileRef = 81B2FA241D69893400C8C742 /* zip.c */; };
		81B2FA3A1D69893400C8C742 /* SSZipArchive.m in Sources */ = {isa = PBXBuildFile; fileRef = 81B2FA281D69893400C8C742 /* SSZipArchive.m */; };
		81DC31E21D8CD572008870FE /* Reachability.m in Sources */ = {isa = PBXBuildFile; fileRef = 81DC31E11D8CD572008870FE /* Reachability.m */; };
		81DC32371D8CD8E4008870FE /* libsqlite3.0.tbd in Frameworks */ = {isa = PBXBuildFile; fileRef = 81DC32361D8CD8E4008870FE /* libsqlite3.0.tbd */; };
		832341BD1AAA6AB300B99B32 /* libRCTText.a in Frameworks */ = {isa = PBXBuildFile; fileRef = 832341B51AAA6A8300B99B32 /* libRCTText.a */; };
		ABF26F22759F4490B5E42EE2 /* libSplashScreen.a in Frameworks */ = {isa = PBXBuildFile; fileRef = 3D99E334D9694E43B8A1524F /* libSplashScreen.a */; };
/* End PBXBuildFile section */

/* Begin PBXContainerItemProxy section */
		00C302AB1ABCB8CE00DB3ED1 /* PBXContainerItemProxy */ = {
			isa = PBXContainerItemProxy;
			containerPortal = 00C302A71ABCB8CE00DB3ED1 /* RCTActionSheet.xcodeproj */;
			proxyType = 2;
			remoteGlobalIDString = 134814201AA4EA6300B7C361;
			remoteInfo = RCTActionSheet;
		};
		00C302B91ABCB90400DB3ED1 /* PBXContainerItemProxy */ = {
			isa = PBXContainerItemProxy;
			containerPortal = 00C302B51ABCB90400DB3ED1 /* RCTGeolocation.xcodeproj */;
			proxyType = 2;
			remoteGlobalIDString = 134814201AA4EA6300B7C361;
			remoteInfo = RCTGeolocation;
		};
		00C302BF1ABCB91800DB3ED1 /* PBXContainerItemProxy */ = {
			isa = PBXContainerItemProxy;
			containerPortal = 00C302BB1ABCB91800DB3ED1 /* RCTImage.xcodeproj */;
			proxyType = 2;
			remoteGlobalIDString = 58B5115D1A9E6B3D00147676;
			remoteInfo = RCTImage;
		};
		00C302DB1ABCB9D200DB3ED1 /* PBXContainerItemProxy */ = {
			isa = PBXContainerItemProxy;
			containerPortal = 00C302D31ABCB9D200DB3ED1 /* RCTNetwork.xcodeproj */;
			proxyType = 2;
			remoteGlobalIDString = 58B511DB1A9E6C8500147676;
			remoteInfo = RCTNetwork;
		};
		00C302E31ABCB9EE00DB3ED1 /* PBXContainerItemProxy */ = {
			isa = PBXContainerItemProxy;
			containerPortal = 00C302DF1ABCB9EE00DB3ED1 /* RCTVibration.xcodeproj */;
			proxyType = 2;
			remoteGlobalIDString = 832C81801AAF6DEF007FA2F7;
			remoteInfo = RCTVibration;
		};
		139105C01AF99BAD00B5F7CC /* PBXContainerItemProxy */ = {
			isa = PBXContainerItemProxy;
			containerPortal = 139105B61AF99BAD00B5F7CC /* RCTSettings.xcodeproj */;
			proxyType = 2;
			remoteGlobalIDString = 134814201AA4EA6300B7C361;
			remoteInfo = RCTSettings;
		};
		139FDEF31B06529B00C62182 /* PBXContainerItemProxy */ = {
			isa = PBXContainerItemProxy;
			containerPortal = 139FDEE61B06529A00C62182 /* RCTWebSocket.xcodeproj */;
			proxyType = 2;
			remoteGlobalIDString = 3C86DF461ADF2C930047B81A;
			remoteInfo = RCTWebSocket;
		};
		146834031AC3E56700842450 /* PBXContainerItemProxy */ = {
			isa = PBXContainerItemProxy;
			containerPortal = 146833FF1AC3E56700842450 /* React.xcodeproj */;
			proxyType = 2;
			remoteGlobalIDString = 83CBBA2E1A601D0E00E9B192;
			remoteInfo = React;
		};
		78C398B81ACF4ADC00677621 /* PBXContainerItemProxy */ = {
			isa = PBXContainerItemProxy;
			containerPortal = 78C398B01ACF4ADC00677621 /* RCTLinking.xcodeproj */;
			proxyType = 2;
			remoteGlobalIDString = 134814201AA4EA6300B7C361;
			remoteInfo = RCTLinking;
		};
		81379FCE1E07B22D00B5F150 /* PBXContainerItemProxy */ = {
			isa = PBXContainerItemProxy;
			containerPortal = 0E9E165E7A4943AEB5D6EC39 /* RNImagePicker.xcodeproj */;
			proxyType = 2;
			remoteGlobalIDString = 014A3B5C1C6CF33500B6D375;
			remoteInfo = RNImagePicker;
		};
		81379FD61E07B2E600B5F150 /* PBXContainerItemProxy */ = {
			isa = PBXContainerItemProxy;
			containerPortal = 81379FD21E07B2E600B5F150 /* RNImagePicker.xcodeproj */;
			proxyType = 2;
			remoteGlobalIDString = 014A3B5C1C6CF33500B6D375;
			remoteInfo = RNImagePicker;
		};
		8137A0E61E16121D00B5F150 /* PBXContainerItemProxy */ = {
			isa = PBXContainerItemProxy;
			containerPortal = C8677EC627EE4885A6D18BEC /* SplashScreen.xcodeproj */;
			proxyType = 2;
			remoteGlobalIDString = 3D7682761D8E76B80014119E;
			remoteInfo = SplashScreen;
		};
		832341B41AAA6A8300B99B32 /* PBXContainerItemProxy */ = {
			isa = PBXContainerItemProxy;
			containerPortal = 832341B01AAA6A8300B99B32 /* RCTText.xcodeproj */;
			proxyType = 2;
			remoteGlobalIDString = 58B5119B1A9E6C1200147676;
			remoteInfo = RCTText;
		};
/* End PBXContainerItemProxy section */

/* Begin PBXCopyFilesBuildPhase section */
		813A33BE1D683A8100F57BA3 /* Embed Frameworks */ = {
			isa = PBXCopyFilesBuildPhase;
			buildActionMask = 2147483647;
			dstPath = "";
			dstSubfolderSpec = 10;
			files = (
				813A33BD1D683A8100F57BA3 /* AFNetworking.framework in Embed Frameworks */,
			);
			name = "Embed Frameworks";
			runOnlyForDeploymentPostprocessing = 0;
		};
/* End PBXCopyFilesBuildPhase section */

/* Begin PBXFileReference section */
		00C302A71ABCB8CE00DB3ED1 /* RCTActionSheet.xcodeproj */ = {isa = PBXFileReference; lastKnownFileType = "wrapper.pb-project"; name = RCTActionSheet.xcodeproj; path = "../node_modules/react-native/Libraries/ActionSheetIOS/RCTActionSheet.xcodeproj"; sourceTree = "<group>"; };
		00C302B51ABCB90400DB3ED1 /* RCTGeolocation.xcodeproj */ = {isa = PBXFileReference; lastKnownFileType = "wrapper.pb-project"; name = RCTGeolocation.xcodeproj; path = "../node_modules/react-native/Libraries/Geolocation/RCTGeolocation.xcodeproj"; sourceTree = "<group>"; };
		00C302BB1ABCB91800DB3ED1 /* RCTImage.xcodeproj */ = {isa = PBXFileReference; lastKnownFileType = "wrapper.pb-project"; name = RCTImage.xcodeproj; path = "../node_modules/react-native/Libraries/Image/RCTImage.xcodeproj"; sourceTree = "<group>"; };
		00C302D31ABCB9D200DB3ED1 /* RCTNetwork.xcodeproj */ = {isa = PBXFileReference; lastKnownFileType = "wrapper.pb-project"; name = RCTNetwork.xcodeproj; path = "../node_modules/react-native/Libraries/Network/RCTNetwork.xcodeproj"; sourceTree = "<group>"; };
		00C302DF1ABCB9EE00DB3ED1 /* RCTVibration.xcodeproj */ = {isa = PBXFileReference; lastKnownFileType = "wrapper.pb-project"; name = RCTVibration.xcodeproj; path = "../node_modules/react-native/Libraries/Vibration/RCTVibration.xcodeproj"; sourceTree = "<group>"; };
		0E9E165E7A4943AEB5D6EC39 /* RNImagePicker.xcodeproj */ = {isa = PBXFileReference; explicitFileType = undefined; fileEncoding = 9; includeInIndex = 0; lastKnownFileType = "wrapper.pb-project"; name = RNImagePicker.xcodeproj; path = "../node_modules/react-native-image-picker/ios/RNImagePicker.xcodeproj"; sourceTree = "<group>"; };
		139105B61AF99BAD00B5F7CC /* RCTSettings.xcodeproj */ = {isa = PBXFileReference; lastKnownFileType = "wrapper.pb-project"; name = RCTSettings.xcodeproj; path = "../node_modules/react-native/Libraries/Settings/RCTSettings.xcodeproj"; sourceTree = "<group>"; };
		139FDEE61B06529A00C62182 /* RCTWebSocket.xcodeproj */ = {isa = PBXFileReference; lastKnownFileType = "wrapper.pb-project"; name = RCTWebSocket.xcodeproj; path = "../node_modules/react-native/Libraries/WebSocket/RCTWebSocket.xcodeproj"; sourceTree = "<group>"; };
		13B07F961A680F5B00A75B9A /* 今天做了啥.app */ = {isa = PBXFileReference; explicitFileType = wrapper.application; includeInIndex = 0; path = "今天做了啥.app"; sourceTree = BUILT_PRODUCTS_DIR; };
		146833FF1AC3E56700842450 /* React.xcodeproj */ = {isa = PBXFileReference; lastKnownFileType = "wrapper.pb-project"; name = React.xcodeproj; path = "../node_modules/react-native/React/React.xcodeproj"; sourceTree = "<group>"; };
		3D99E334D9694E43B8A1524F /* libSplashScreen.a */ = {isa = PBXFileReference; explicitFileType = undefined; fileEncoding = 9; includeInIndex = 0; lastKnownFileType = archive.ar; path = libSplashScreen.a; sourceTree = "<group>"; };
		78C398B01ACF4ADC00677621 /* RCTLinking.xcodeproj */ = {isa = PBXFileReference; lastKnownFileType = "wrapper.pb-project"; name = RCTLinking.xcodeproj; path = "../node_modules/react-native/Libraries/LinkingIOS/RCTLinking.xcodeproj"; sourceTree = "<group>"; };
		81379FD21E07B2E600B5F150 /* RNImagePicker.xcodeproj */ = {isa = PBXFileReference; lastKnownFileType = "wrapper.pb-project"; name = RNImagePicker.xcodeproj; path = "../node_modules/react-native-image-picker/ios/RNImagePicker.xcodeproj"; sourceTree = "<group>"; };
		813A33BB1D683A8100F57BA3 /* AFNetworking.framework */ = {isa = PBXFileReference; lastKnownFileType = wrapper.framework; name = AFNetworking.framework; path = AFNetworking/iOS/AFNetworking.framework; sourceTree = "<group>"; };
		816882F41DD1AC25000E72ED /* libWeChatSDK.a */ = {isa = PBXFileReference; lastKnownFileType = archive.ar; name = libWeChatSDK.a; path = OpenSDK1.7.4/libWeChatSDK.a; sourceTree = "<group>"; };
		816882F61DD1AC67000E72ED /* libc++.tbd */ = {isa = PBXFileReference; lastKnownFileType = "sourcecode.text-based-dylib-definition"; name = "libc++.tbd"; path = "usr/lib/libc++.tbd"; sourceTree = SDKROOT; };
		816882F81DD1AC7F000E72ED /* CoreTelephony.framework */ = {isa = PBXFileReference; lastKnownFileType = wrapper.framework; name = CoreTelephony.framework; path = System/Library/Frameworks/CoreTelephony.framework; sourceTree = SDKROOT; };
		81766AE71D9CB2AA006B7401 /* AppDelegate.h */ = {isa = PBXFileReference; fileEncoding = 4; lastKnownFileType = sourcecode.c.h; path = AppDelegate.h; sourceTree = "<group>"; };
		81766AE81D9CB2AA006B7401 /* AppDelegate.m */ = {isa = PBXFileReference; fileEncoding = 4; lastKnownFileType = sourcecode.c.objc; path = AppDelegate.m; sourceTree = "<group>"; };
		81766B011D9CB2AA006B7401 /* Base */ = {isa = PBXFileReference; lastKnownFileType = file.xib; name = Base; path = Base.lproj/LaunchScreen.xib; sourceTree = "<group>"; };
		81766B021D9CB2AA006B7401 /* Images.xcassets */ = {isa = PBXFileReference; lastKnownFileType = folder.assetcatalog; path = Images.xcassets; sourceTree = "<group>"; };
		81766B031D9CB2AA006B7401 /* Info.plist */ = {isa = PBXFileReference; fileEncoding = 4; lastKnownFileType = text.plist.xml; path = Info.plist; sourceTree = "<group>"; };
		81766B061D9CB2AA006B7401 /* main.m */ = {isa = PBXFileReference; fileEncoding = 4; lastKnownFileType = sourcecode.c.objc; path = main.m; sourceTree = "<group>"; };
		81766B091D9CB2AA006B7401 /* RNUtilsModule.h */ = {isa = PBXFileReference; fileEncoding = 4; lastKnownFileType = sourcecode.c.h; path = RNUtilsModule.h; sourceTree = "<group>"; };
		81766B0A1D9CB2AA006B7401 /* RNUtilsModule.m */ = {isa = PBXFileReference; fileEncoding = 4; lastKnownFileType = sourcecode.c.objc; path = RNUtilsModule.m; sourceTree = "<group>"; };
		81766B0C1D9CB2AA006B7401 /* RNUtils.h */ = {isa = PBXFileReference; fileEncoding = 4; lastKnownFileType = sourcecode.c.h; path = RNUtils.h; sourceTree = "<group>"; };
		81766B0D1D9CB2AA006B7401 /* RNUtils.m */ = {isa = PBXFileReference; fileEncoding = 4; lastKnownFileType = sourcecode.c.objc; path = RNUtils.m; sourceTree = "<group>"; };
		81766B0F1D9CB2AA006B7401 /* zh-Hans */ = {isa = PBXFileReference; lastKnownFileType = text.plist.strings; name = "zh-Hans"; path = "zh-Hans.lproj/LaunchScreen.strings"; sourceTree = "<group>"; };
		81A790851D61C6660004ACC7 /* SystemConfiguration.framework */ = {isa = PBXFileReference; lastKnownFileType = wrapper.framework; name = SystemConfiguration.framework; path = System/Library/Frameworks/SystemConfiguration.framework; sourceTree = SDKROOT; };
		81B2F9211D69451000C8C742 /* libz.1.2.5.tbd */ = {isa = PBXFileReference; lastKnownFileType = "sourcecode.text-based-dylib-definition"; name = libz.1.2.5.tbd; path = usr/lib/libz.1.2.5.tbd; sourceTree = SDKROOT; };
		81B2FA061D69893400C8C742 /* aes.h */ = {isa = PBXFileReference; fileEncoding = 4; lastKnownFileType = sourcecode.c.h; path = aes.h; sourceTree = "<group>"; };
		81B2FA071D69893400C8C742 /* aes_via_ace.h */ = {isa = PBXFileReference; fileEncoding = 4; lastKnownFileType = sourcecode.c.h; path = aes_via_ace.h; sourceTree = "<group>"; };
		81B2FA081D69893400C8C742 /* aescrypt.c */ = {isa = PBXFileReference; fileEncoding = 4; lastKnownFileType = sourcecode.c.c; path = aescrypt.c; sourceTree = "<group>"; };
		81B2FA091D69893400C8C742 /* aeskey.c */ = {isa = PBXFileReference; fileEncoding = 4; lastKnownFileType = sourcecode.c.c; path = aeskey.c; sourceTree = "<group>"; };
		81B2FA0A1D69893400C8C742 /* aesopt.h */ = {isa = PBXFileReference; fileEncoding = 4; lastKnownFileType = sourcecode.c.h; path = aesopt.h; sourceTree = "<group>"; };
		81B2FA0B1D69893400C8C742 /* aestab.c */ = {isa = PBXFileReference; fileEncoding = 4; lastKnownFileType = sourcecode.c.c; path = aestab.c; sourceTree = "<group>"; };
		81B2FA0C1D69893400C8C742 /* aestab.h */ = {isa = PBXFileReference; fileEncoding = 4; lastKnownFileType = sourcecode.c.h; path = aestab.h; sourceTree = "<group>"; };
		81B2FA0D1D69893400C8C742 /* brg_endian.h */ = {isa = PBXFileReference; fileEncoding = 4; lastKnownFileType = sourcecode.c.h; path = brg_endian.h; sourceTree = "<group>"; };
		81B2FA0E1D69893400C8C742 /* brg_types.h */ = {isa = PBXFileReference; fileEncoding = 4; lastKnownFileType = sourcecode.c.h; path = brg_types.h; sourceTree = "<group>"; };
		81B2FA0F1D69893400C8C742 /* entropy.c */ = {isa = PBXFileReference; fileEncoding = 4; lastKnownFileType = sourcecode.c.c; path = entropy.c; sourceTree = "<group>"; };
		81B2FA101D69893400C8C742 /* entropy.h */ = {isa = PBXFileReference; fileEncoding = 4; lastKnownFileType = sourcecode.c.h; path = entropy.h; sourceTree = "<group>"; };
		81B2FA111D69893400C8C742 /* fileenc.c */ = {isa = PBXFileReference; fileEncoding = 4; lastKnownFileType = sourcecode.c.c; path = fileenc.c; sourceTree = "<group>"; };
		81B2FA121D69893400C8C742 /* fileenc.h */ = {isa = PBXFileReference; fileEncoding = 4; lastKnownFileType = sourcecode.c.h; path = fileenc.h; sourceTree = "<group>"; };
		81B2FA131D69893400C8C742 /* hmac.c */ = {isa = PBXFileReference; fileEncoding = 4; lastKnownFileType = sourcecode.c.c; path = hmac.c; sourceTree = "<group>"; };
		81B2FA141D69893400C8C742 /* hmac.h */ = {isa = PBXFileReference; fileEncoding = 4; lastKnownFileType = sourcecode.c.h; path = hmac.h; sourceTree = "<group>"; };
		81B2FA151D69893400C8C742 /* prng.c */ = {isa = PBXFileReference; fileEncoding = 4; lastKnownFileType = sourcecode.c.c; path = prng.c; sourceTree = "<group>"; };
		81B2FA161D69893400C8C742 /* prng.h */ = {isa = PBXFileReference; fileEncoding = 4; lastKnownFileType = sourcecode.c.h; path = prng.h; sourceTree = "<group>"; };
		81B2FA171D69893400C8C742 /* pwd2key.c */ = {isa = PBXFileReference; fileEncoding = 4; lastKnownFileType = sourcecode.c.c; path = pwd2key.c; sourceTree = "<group>"; };
		81B2FA181D69893400C8C742 /* pwd2key.h */ = {isa = PBXFileReference; fileEncoding = 4; lastKnownFileType = sourcecode.c.h; path = pwd2key.h; sourceTree = "<group>"; };
		81B2FA191D69893400C8C742 /* sha1.c */ = {isa = PBXFileReference; fileEncoding = 4; lastKnownFileType = sourcecode.c.c; path = sha1.c; sourceTree = "<group>"; };
		81B2FA1A1D69893400C8C742 /* sha1.h */ = {isa = PBXFileReference; fileEncoding = 4; lastKnownFileType = sourcecode.c.h; path = sha1.h; sourceTree = "<group>"; };
		81B2FA1B1D69893400C8C742 /* Info.plist */ = {isa = PBXFileReference; fileEncoding = 4; lastKnownFileType = text.plist.xml; path = Info.plist; sourceTree = "<group>"; };
		81B2FA1D1D69893400C8C742 /* crypt.h */ = {isa = PBXFileReference; fileEncoding = 4; lastKnownFileType = sourcecode.c.h; path = crypt.h; sourceTree = "<group>"; };
		81B2FA1E1D69893400C8C742 /* ioapi.c */ = {isa = PBXFileReference; fileEncoding = 4; lastKnownFileType = sourcecode.c.c; path = ioapi.c; sourceTree = "<group>"; };
		81B2FA1F1D69893400C8C742 /* ioapi.h */ = {isa = PBXFileReference; fileEncoding = 4; lastKnownFileType = sourcecode.c.h; path = ioapi.h; sourceTree = "<group>"; };
		81B2FA201D69893400C8C742 /* mztools.c */ = {isa = PBXFileReference; fileEncoding = 4; lastKnownFileType = sourcecode.c.c; path = mztools.c; sourceTree = "<group>"; };
		81B2FA211D69893400C8C742 /* mztools.h */ = {isa = PBXFileReference; fileEncoding = 4; lastKnownFileType = sourcecode.c.h; path = mztools.h; sourceTree = "<group>"; };
		81B2FA221D69893400C8C742 /* unzip.c */ = {isa = PBXFileReference; fileEncoding = 4; lastKnownFileType = sourcecode.c.c; path = unzip.c; sourceTree = "<group>"; };
		81B2FA231D69893400C8C742 /* unzip.h */ = {isa = PBXFileReference; fileEncoding = 4; lastKnownFileType = sourcecode.c.h; path = unzip.h; sourceTree = "<group>"; };
		81B2FA241D69893400C8C742 /* zip.c */ = {isa = PBXFileReference; fileEncoding = 4; lastKnownFileType = sourcecode.c.c; path = zip.c; sourceTree = "<group>"; };
		81B2FA251D69893400C8C742 /* zip.h */ = {isa = PBXFileReference; fileEncoding = 4; lastKnownFileType = sourcecode.c.h; path = zip.h; sourceTree = "<group>"; };
		81B2FA271D69893400C8C742 /* SSZipArchive.h */ = {isa = PBXFileReference; fileEncoding = 4; lastKnownFileType = sourcecode.c.h; path = SSZipArchive.h; sourceTree = "<group>"; };
		81B2FA281D69893400C8C742 /* SSZipArchive.m */ = {isa = PBXFileReference; fileEncoding = 4; lastKnownFileType = sourcecode.c.objc; path = SSZipArchive.m; sourceTree = "<group>"; };
		81B2FA291D69893400C8C742 /* SSZipCommon.h */ = {isa = PBXFileReference; fileEncoding = 4; lastKnownFileType = sourcecode.c.h; path = SSZipCommon.h; sourceTree = "<group>"; };
		81B2FA2A1D69893400C8C742 /* ZipArchive.h */ = {isa = PBXFileReference; fileEncoding = 4; lastKnownFileType = sourcecode.c.h; path = ZipArchive.h; sourceTree = "<group>"; };
		81DC31E01D8CD572008870FE /* Reachability.h */ = {isa = PBXFileReference; fileEncoding = 4; lastKnownFileType = sourcecode.c.h; path = Reachability.h; sourceTree = "<group>"; };
		81DC31E11D8CD572008870FE /* Reachability.m */ = {isa = PBXFileReference; fileEncoding = 4; lastKnownFileType = sourcecode.c.objc; path = Reachability.m; sourceTree = "<group>"; };
		81DC31FE1D8CD58D008870FE /* AFNetworking.framework */ = {isa = PBXFileReference; lastKnownFileType = wrapper.framework; path = AFNetworking.framework; sourceTree = "<group>"; };
		81DC32361D8CD8E4008870FE /* libsqlite3.0.tbd */ = {isa = PBXFileReference; lastKnownFileType = "sourcecode.text-based-dylib-definition"; name = libsqlite3.0.tbd; path = usr/lib/libsqlite3.0.tbd; sourceTree = SDKROOT; };
		832341B01AAA6A8300B99B32 /* RCTText.xcodeproj */ = {isa = PBXFileReference; lastKnownFileType = "wrapper.pb-project"; name = RCTText.xcodeproj; path = "../node_modules/react-native/Libraries/Text/RCTText.xcodeproj"; sourceTree = "<group>"; };
		C8677EC627EE4885A6D18BEC /* SplashScreen.xcodeproj */ = {isa = PBXFileReference; explicitFileType = undefined; fileEncoding = 9; includeInIndex = 0; lastKnownFileType = "wrapper.pb-project"; name = SplashScreen.xcodeproj; path = "../node_modules/react-native-splash-screen/ios/SplashScreen.xcodeproj"; sourceTree = "<group>"; };
		E53B7BBE89244B57AD7BD320 /* libRNImagePicker.a */ = {isa = PBXFileReference; explicitFileType = undefined; fileEncoding = 9; includeInIndex = 0; lastKnownFileType = archive.ar; path = libRNImagePicker.a; sourceTree = "<group>"; };
/* End PBXFileReference section */

/* Begin PBXFrameworksBuildPhase section */
		13B07F8C1A680F5B00A75B9A /* Frameworks */ = {
			isa = PBXFrameworksBuildPhase;
			buildActionMask = 2147483647;
			files = (
				816882F91DD1AC7F000E72ED /* CoreTelephony.framework in Frameworks */,
				816882F71DD1AC67000E72ED /* libc++.tbd in Frameworks */,
				816882F51DD1AC25000E72ED /* libWeChatSDK.a in Frameworks */,
				81DC32371D8CD8E4008870FE /* libsqlite3.0.tbd in Frameworks */,
				81B2F9221D69451000C8C742 /* libz.1.2.5.tbd in Frameworks */,
				81A790861D61C6660004ACC7 /* SystemConfiguration.framework in Frameworks */,
				146834051AC3E58100842450 /* libReact.a in Frameworks */,
				00C302E51ABCBA2D00DB3ED1 /* libRCTActionSheet.a in Frameworks */,
				00C302E71ABCBA2D00DB3ED1 /* libRCTGeolocation.a in Frameworks */,
				00C302E81ABCBA2D00DB3ED1 /* libRCTImage.a in Frameworks */,
				133E29F31AD74F7200F7D852 /* libRCTLinking.a in Frameworks */,
				00C302E91ABCBA2D00DB3ED1 /* libRCTNetwork.a in Frameworks */,
				139105C61AF99C1200B5F7CC /* libRCTSettings.a in Frameworks */,
				832341BD1AAA6AB300B99B32 /* libRCTText.a in Frameworks */,
				00C302EA1ABCBA2D00DB3ED1 /* libRCTVibration.a in Frameworks */,
				139FDEF61B0652A700C62182 /* libRCTWebSocket.a in Frameworks */,
				4C9DDF35B64E4144AFDEF41E /* libRNImagePicker.a in Frameworks */,
				ABF26F22759F4490B5E42EE2 /* libSplashScreen.a in Frameworks */,
			);
			runOnlyForDeploymentPostprocessing = 0;
		};
/* End PBXFrameworksBuildPhase section */

/* Begin PBXGroup section */
		00C302A81ABCB8CE00DB3ED1 /* Products */ = {
			isa = PBXGroup;
			children = (
				00C302AC1ABCB8CE00DB3ED1 /* libRCTActionSheet.a */,
			);
			name = Products;
			sourceTree = "<group>";
		};
		00C302B61ABCB90400DB3ED1 /* Products */ = {
			isa = PBXGroup;
			children = (
				00C302BA1ABCB90400DB3ED1 /* libRCTGeolocation.a */,
			);
			name = Products;
			sourceTree = "<group>";
		};
		00C302BC1ABCB91800DB3ED1 /* Products */ = {
			isa = PBXGroup;
			children = (
				00C302C01ABCB91800DB3ED1 /* libRCTImage.a */,
			);
			name = Products;
			sourceTree = "<group>";
		};
		00C302D41ABCB9D200DB3ED1 /* Products */ = {
			isa = PBXGroup;
			children = (
				00C302DC1ABCB9D200DB3ED1 /* libRCTNetwork.a */,
			);
			name = Products;
			sourceTree = "<group>";
		};
		00C302E01ABCB9EE00DB3ED1 /* Products */ = {
			isa = PBXGroup;
			children = (
				00C302E41ABCB9EE00DB3ED1 /* libRCTVibration.a */,
			);
			name = Products;
			sourceTree = "<group>";
		};
		139105B71AF99BAD00B5F7CC /* Products */ = {
			isa = PBXGroup;
			children = (
				139105C11AF99BAD00B5F7CC /* libRCTSettings.a */,
			);
			name = Products;
			sourceTree = "<group>";
		};
		139FDEE71B06529A00C62182 /* Products */ = {
			isa = PBXGroup;
			children = (
				139FDEF41B06529B00C62182 /* libRCTWebSocket.a */,
			);
			name = Products;
			sourceTree = "<group>";
		};
		146834001AC3E56700842450 /* Products */ = {
			isa = PBXGroup;
			children = (
				146834041AC3E56700842450 /* libReact.a */,
			);
			name = Products;
			sourceTree = "<group>";
		};
		78C398B11ACF4ADC00677621 /* Products */ = {
			isa = PBXGroup;
			children = (
				78C398B91ACF4ADC00677621 /* libRCTLinking.a */,
			);
			name = Products;
			sourceTree = "<group>";
		};
		81379FC11E07B22D00B5F150 /* Products */ = {
			isa = PBXGroup;
			children = (
				81379FCF1E07B22D00B5F150 /* libRNImagePicker.a */,
			);
			name = Products;
			sourceTree = "<group>";
		};
		81379FD31E07B2E600B5F150 /* Products */ = {
			isa = PBXGroup;
			children = (
				81379FD71E07B2E600B5F150 /* libRNImagePicker.a */,
			);
			name = Products;
			sourceTree = "<group>";
		};
		8137A0D71E16121D00B5F150 /* Products */ = {
			isa = PBXGroup;
			children = (
				8137A0E71E16121D00B5F150 /* libSplashScreen.a */,
			);
			name = Products;
			sourceTree = "<group>";
		};
		81766AE61D9CB2AA006B7401 /* SrcProject */ = {
			isa = PBXGroup;
			children = (
				81766AE71D9CB2AA006B7401 /* AppDelegate.h */,
				81766AE81D9CB2AA006B7401 /* AppDelegate.m */,
				81766B001D9CB2AA006B7401 /* LaunchScreen.xib */,
				81766B021D9CB2AA006B7401 /* Images.xcassets */,
				81766B031D9CB2AA006B7401 /* Info.plist */,
				81766B061D9CB2AA006B7401 /* main.m */,
				81766B071D9CB2AA006B7401 /* rn */,
				81766B0E1D9CB2AA006B7401 /* LaunchScreen.strings */,
			);
			path = SrcProject;
			sourceTree = "<group>";
		};
		81766B071D9CB2AA006B7401 /* rn */ = {
			isa = PBXGroup;
			children = (
				81766B081D9CB2AA006B7401 /* modules */,
				81766B0B1D9CB2AA006B7401 /* utils */,
			);
			path = rn;
			sourceTree = "<group>";
		};
		81766B081D9CB2AA006B7401 /* modules */ = {
			isa = PBXGroup;
			children = (
				81766B091D9CB2AA006B7401 /* RNUtilsModule.h */,
				81766B0A1D9CB2AA006B7401 /* RNUtilsModule.m */,
			);
			path = modules;
			sourceTree = "<group>";
		};
		81766B0B1D9CB2AA006B7401 /* utils */ = {
			isa = PBXGroup;
			children = (
				81766B0C1D9CB2AA006B7401 /* RNUtils.h */,
				81766B0D1D9CB2AA006B7401 /* RNUtils.m */,
			);
			path = utils;
			sourceTree = "<group>";
		};
		81B2FA041D69893400C8C742 /* SSZipArchive */ = {
			isa = PBXGroup;
			children = (
				81B2FA051D69893400C8C742 /* aes */,
				81B2FA1B1D69893400C8C742 /* Info.plist */,
				81B2FA1C1D69893400C8C742 /* minizip */,
				81B2FA271D69893400C8C742 /* SSZipArchive.h */,
				81B2FA281D69893400C8C742 /* SSZipArchive.m */,
				81B2FA291D69893400C8C742 /* SSZipCommon.h */,
				81B2FA2A1D69893400C8C742 /* ZipArchive.h */,
			);
			path = SSZipArchive;
			sourceTree = "<group>";
		};
		81B2FA051D69893400C8C742 /* aes */ = {
			isa = PBXGroup;
			children = (
				81B2FA061D69893400C8C742 /* aes.h */,
				81B2FA071D69893400C8C742 /* aes_via_ace.h */,
				81B2FA081D69893400C8C742 /* aescrypt.c */,
				81B2FA091D69893400C8C742 /* aeskey.c */,
				81B2FA0A1D69893400C8C742 /* aesopt.h */,
				81B2FA0B1D69893400C8C742 /* aestab.c */,
				81B2FA0C1D69893400C8C742 /* aestab.h */,
				81B2FA0D1D69893400C8C742 /* brg_endian.h */,
				81B2FA0E1D69893400C8C742 /* brg_types.h */,
				81B2FA0F1D69893400C8C742 /* entropy.c */,
				81B2FA101D69893400C8C742 /* entropy.h */,
				81B2FA111D69893400C8C742 /* fileenc.c */,
				81B2FA121D69893400C8C742 /* fileenc.h */,
				81B2FA131D69893400C8C742 /* hmac.c */,
				81B2FA141D69893400C8C742 /* hmac.h */,
				81B2FA151D69893400C8C742 /* prng.c */,
				81B2FA161D69893400C8C742 /* prng.h */,
				81B2FA171D69893400C8C742 /* pwd2key.c */,
				81B2FA181D69893400C8C742 /* pwd2key.h */,
				81B2FA191D69893400C8C742 /* sha1.c */,
				81B2FA1A1D69893400C8C742 /* sha1.h */,
			);
			path = aes;
			sourceTree = "<group>";
		};
		81B2FA1C1D69893400C8C742 /* minizip */ = {
			isa = PBXGroup;
			children = (
				81B2FA1D1D69893400C8C742 /* crypt.h */,
				81B2FA1E1D69893400C8C742 /* ioapi.c */,
				81B2FA1F1D69893400C8C742 /* ioapi.h */,
				81B2FA201D69893400C8C742 /* mztools.c */,
				81B2FA211D69893400C8C742 /* mztools.h */,
				81B2FA221D69893400C8C742 /* unzip.c */,
				81B2FA231D69893400C8C742 /* unzip.h */,
				81B2FA241D69893400C8C742 /* zip.c */,
				81B2FA251D69893400C8C742 /* zip.h */,
			);
			path = minizip;
			sourceTree = "<group>";
		};
		81DC31DE1D8CD572008870FE /* Reachability */ = {
			isa = PBXGroup;
			children = (
				81DC31DF1D8CD572008870FE /* Reachability */,
			);
			path = Reachability;
			sourceTree = "<group>";
		};
		81DC31DF1D8CD572008870FE /* Reachability */ = {
			isa = PBXGroup;
			children = (
				81DC31E01D8CD572008870FE /* Reachability.h */,
				81DC31E11D8CD572008870FE /* Reachability.m */,
			);
			path = Reachability;
			sourceTree = "<group>";
		};
		81DC31FC1D8CD58D008870FE /* AFNetworking */ = {
			isa = PBXGroup;
			children = (
				81DC31FD1D8CD58D008870FE /* iOS */,
			);
			path = AFNetworking;
			sourceTree = "<group>";
		};
		81DC31FD1D8CD58D008870FE /* iOS */ = {
			isa = PBXGroup;
			children = (
				81DC31FE1D8CD58D008870FE /* AFNetworking.framework */,
			);
			path = iOS;
			sourceTree = "<group>";
		};
		832341AE1AAA6A7D00B99B32 /* Libraries */ = {
			isa = PBXGroup;
			children = (
				816882F81DD1AC7F000E72ED /* CoreTelephony.framework */,
				816882F61DD1AC67000E72ED /* libc++.tbd */,
				816882F41DD1AC25000E72ED /* libWeChatSDK.a */,
				81DC32361D8CD8E4008870FE /* libsqlite3.0.tbd */,
				81B2F9211D69451000C8C742 /* libz.1.2.5.tbd */,
				813A33BB1D683A8100F57BA3 /* AFNetworking.framework */,
				81A790851D61C6660004ACC7 /* SystemConfiguration.framework */,
				146833FF1AC3E56700842450 /* React.xcodeproj */,
				00C302A71ABCB8CE00DB3ED1 /* RCTActionSheet.xcodeproj */,
				00C302B51ABCB90400DB3ED1 /* RCTGeolocation.xcodeproj */,
				00C302BB1ABCB91800DB3ED1 /* RCTImage.xcodeproj */,
				78C398B01ACF4ADC00677621 /* RCTLinking.xcodeproj */,
				00C302D31ABCB9D200DB3ED1 /* RCTNetwork.xcodeproj */,
				139105B61AF99BAD00B5F7CC /* RCTSettings.xcodeproj */,
				832341B01AAA6A8300B99B32 /* RCTText.xcodeproj */,
				00C302DF1ABCB9EE00DB3ED1 /* RCTVibration.xcodeproj */,
				139FDEE61B06529A00C62182 /* RCTWebSocket.xcodeproj */,
				0E9E165E7A4943AEB5D6EC39 /* RNImagePicker.xcodeproj */,
				C8677EC627EE4885A6D18BEC /* SplashScreen.xcodeproj */,
			);
			name = Libraries;
			sourceTree = "<group>";
		};
		832341B11AAA6A8300B99B32 /* Products */ = {
			isa = PBXGroup;
			children = (
				832341B51AAA6A8300B99B32 /* libRCTText.a */,
			);
			name = Products;
			sourceTree = "<group>";
		};
		83CBB9F61A601CBA00E9B192 = {
			isa = PBXGroup;
			children = (
				81379FD21E07B2E600B5F150 /* RNImagePicker.xcodeproj */,
				81766AE61D9CB2AA006B7401 /* SrcProject */,
				81DC31FC1D8CD58D008870FE /* AFNetworking */,
				81DC31DE1D8CD572008870FE /* Reachability */,
				81B2FA041D69893400C8C742 /* SSZipArchive */,
				832341AE1AAA6A7D00B99B32 /* Libraries */,
				83CBBA001A601CBA00E9B192 /* Products */,
			);
			indentWidth = 2;
			sourceTree = "<group>";
			tabWidth = 2;
		};
		83CBBA001A601CBA00E9B192 /* Products */ = {
			isa = PBXGroup;
			children = (
				13B07F961A680F5B00A75B9A /* 今天做了啥.app */,
			);
			name = Products;
			sourceTree = "<group>";
		};
/* End PBXGroup section */

/* Begin PBXNativeTarget section */
		13B07F861A680F5B00A75B9A /* TodayProject */ = {
			isa = PBXNativeTarget;
			buildConfigurationList = 13B07F931A680F5B00A75B9A /* Build configuration list for PBXNativeTarget "TodayProject" */;
			buildPhases = (
				13B07F871A680F5B00A75B9A /* Sources */,
				13B07F8C1A680F5B00A75B9A /* Frameworks */,
				13B07F8E1A680F5B00A75B9A /* Resources */,
				00DD1BFF1BD5951E006B06BC /* Bundle React Native code and images */,
				813A33BE1D683A8100F57BA3 /* Embed Frameworks */,
				81DC33581D94BA6B008870FE /* ShellScript */,
			);
			buildRules = (
			);
			dependencies = (
			);
			name = TodayProject;
			productName = "Hello World";
			productReference = 13B07F961A680F5B00A75B9A /* 今天做了啥.app */;
			productType = "com.apple.product-type.application";
		};
/* End PBXNativeTarget section */

/* Begin PBXProject section */
		83CBB9F71A601CBA00E9B192 /* Project object */ = {
			isa = PBXProject;
			attributes = {
				LastUpgradeCheck = 610;
				ORGANIZATIONNAME = Facebook;
				TargetAttributes = {
					13B07F861A680F5B00A75B9A = {
						DevelopmentTeam = 9D92792224;
					};
				};
			};
			buildConfigurationList = 83CBB9FA1A601CBA00E9B192 /* Build configuration list for PBXProject "TodayProject" */;
			compatibilityVersion = "Xcode 3.2";
			developmentRegion = English;
			hasScannedForEncodings = 0;
			knownRegions = (
				en,
				Base,
				"zh-Hans",
			);
			mainGroup = 83CBB9F61A601CBA00E9B192;
			productRefGroup = 83CBBA001A601CBA00E9B192 /* Products */;
			projectDirPath = "";
			projectReferences = (
				{
					ProductGroup = 00C302A81ABCB8CE00DB3ED1 /* Products */;
					ProjectRef = 00C302A71ABCB8CE00DB3ED1 /* RCTActionSheet.xcodeproj */;
				},
				{
					ProductGroup = 00C302B61ABCB90400DB3ED1 /* Products */;
					ProjectRef = 00C302B51ABCB90400DB3ED1 /* RCTGeolocation.xcodeproj */;
				},
				{
					ProductGroup = 00C302BC1ABCB91800DB3ED1 /* Products */;
					ProjectRef = 00C302BB1ABCB91800DB3ED1 /* RCTImage.xcodeproj */;
				},
				{
					ProductGroup = 78C398B11ACF4ADC00677621 /* Products */;
					ProjectRef = 78C398B01ACF4ADC00677621 /* RCTLinking.xcodeproj */;
				},
				{
					ProductGroup = 00C302D41ABCB9D200DB3ED1 /* Products */;
					ProjectRef = 00C302D31ABCB9D200DB3ED1 /* RCTNetwork.xcodeproj */;
				},
				{
					ProductGroup = 139105B71AF99BAD00B5F7CC /* Products */;
					ProjectRef = 139105B61AF99BAD00B5F7CC /* RCTSettings.xcodeproj */;
				},
				{
					ProductGroup = 832341B11AAA6A8300B99B32 /* Products */;
					ProjectRef = 832341B01AAA6A8300B99B32 /* RCTText.xcodeproj */;
				},
				{
					ProductGroup = 00C302E01ABCB9EE00DB3ED1 /* Products */;
					ProjectRef = 00C302DF1ABCB9EE00DB3ED1 /* RCTVibration.xcodeproj */;
				},
				{
					ProductGroup = 139FDEE71B06529A00C62182 /* Products */;
					ProjectRef = 139FDEE61B06529A00C62182 /* RCTWebSocket.xcodeproj */;
				},
				{
					ProductGroup = 146834001AC3E56700842450 /* Products */;
					ProjectRef = 146833FF1AC3E56700842450 /* React.xcodeproj */;
				},
				{
					ProductGroup = 81379FC11E07B22D00B5F150 /* Products */;
					ProjectRef = 0E9E165E7A4943AEB5D6EC39 /* RNImagePicker.xcodeproj */;
				},
				{
					ProductGroup = 81379FD31E07B2E600B5F150 /* Products */;
					ProjectRef = 81379FD21E07B2E600B5F150 /* RNImagePicker.xcodeproj */;
				},
				{
					ProductGroup = 8137A0D71E16121D00B5F150 /* Products */;
					ProjectRef = C8677EC627EE4885A6D18BEC /* SplashScreen.xcodeproj */;
				},
			);
			projectRoot = "";
			targets = (
				13B07F861A680F5B00A75B9A /* TodayProject */,
			);
		};
/* End PBXProject section */

/* Begin PBXReferenceProxy section */
		00C302AC1ABCB8CE00DB3ED1 /* libRCTActionSheet.a */ = {
			isa = PBXReferenceProxy;
			fileType = archive.ar;
			path = libRCTActionSheet.a;
			remoteRef = 00C302AB1ABCB8CE00DB3ED1 /* PBXContainerItemProxy */;
			sourceTree = BUILT_PRODUCTS_DIR;
		};
		00C302BA1ABCB90400DB3ED1 /* libRCTGeolocation.a */ = {
			isa = PBXReferenceProxy;
			fileType = archive.ar;
			path = libRCTGeolocation.a;
			remoteRef = 00C302B91ABCB90400DB3ED1 /* PBXContainerItemProxy */;
			sourceTree = BUILT_PRODUCTS_DIR;
		};
		00C302C01ABCB91800DB3ED1 /* libRCTImage.a */ = {
			isa = PBXReferenceProxy;
			fileType = archive.ar;
			path = libRCTImage.a;
			remoteRef = 00C302BF1ABCB91800DB3ED1 /* PBXContainerItemProxy */;
			sourceTree = BUILT_PRODUCTS_DIR;
		};
		00C302DC1ABCB9D200DB3ED1 /* libRCTNetwork.a */ = {
			isa = PBXReferenceProxy;
			fileType = archive.ar;
			path = libRCTNetwork.a;
			remoteRef = 00C302DB1ABCB9D200DB3ED1 /* PBXContainerItemProxy */;
			sourceTree = BUILT_PRODUCTS_DIR;
		};
		00C302E41ABCB9EE00DB3ED1 /* libRCTVibration.a */ = {
			isa = PBXReferenceProxy;
			fileType = archive.ar;
			path = libRCTVibration.a;
			remoteRef = 00C302E31ABCB9EE00DB3ED1 /* PBXContainerItemProxy */;
			sourceTree = BUILT_PRODUCTS_DIR;
		};
		139105C11AF99BAD00B5F7CC /* libRCTSettings.a */ = {
			isa = PBXReferenceProxy;
			fileType = archive.ar;
			path = libRCTSettings.a;
			remoteRef = 139105C01AF99BAD00B5F7CC /* PBXContainerItemProxy */;
			sourceTree = BUILT_PRODUCTS_DIR;
		};
		139FDEF41B06529B00C62182 /* libRCTWebSocket.a */ = {
			isa = PBXReferenceProxy;
			fileType = archive.ar;
			path = libRCTWebSocket.a;
			remoteRef = 139FDEF31B06529B00C62182 /* PBXContainerItemProxy */;
			sourceTree = BUILT_PRODUCTS_DIR;
		};
		146834041AC3E56700842450 /* libReact.a */ = {
			isa = PBXReferenceProxy;
			fileType = archive.ar;
			path = libReact.a;
			remoteRef = 146834031AC3E56700842450 /* PBXContainerItemProxy */;
			sourceTree = BUILT_PRODUCTS_DIR;
		};
		78C398B91ACF4ADC00677621 /* libRCTLinking.a */ = {
			isa = PBXReferenceProxy;
			fileType = archive.ar;
			path = libRCTLinking.a;
			remoteRef = 78C398B81ACF4ADC00677621 /* PBXContainerItemProxy */;
			sourceTree = BUILT_PRODUCTS_DIR;
		};
		81379FCF1E07B22D00B5F150 /* libRNImagePicker.a */ = {
			isa = PBXReferenceProxy;
			fileType = archive.ar;
			path = libRNImagePicker.a;
			remoteRef = 81379FCE1E07B22D00B5F150 /* PBXContainerItemProxy */;
			sourceTree = BUILT_PRODUCTS_DIR;
		};
		81379FD71E07B2E600B5F150 /* libRNImagePicker.a */ = {
			isa = PBXReferenceProxy;
			fileType = archive.ar;
			path = libRNImagePicker.a;
			remoteRef = 81379FD61E07B2E600B5F150 /* PBXContainerItemProxy */;
			sourceTree = BUILT_PRODUCTS_DIR;
		};
		8137A0E71E16121D00B5F150 /* libSplashScreen.a */ = {
			isa = PBXReferenceProxy;
			fileType = archive.ar;
			path = libSplashScreen.a;
			remoteRef = 8137A0E61E16121D00B5F150 /* PBXContainerItemProxy */;
			sourceTree = BUILT_PRODUCTS_DIR;
		};
		832341B51AAA6A8300B99B32 /* libRCTText.a */ = {
			isa = PBXReferenceProxy;
			fileType = archive.ar;
			path = libRCTText.a;
			remoteRef = 832341B41AAA6A8300B99B32 /* PBXContainerItemProxy */;
			sourceTree = BUILT_PRODUCTS_DIR;
		};
/* End PBXReferenceProxy section */

/* Begin PBXResourcesBuildPhase section */
		13B07F8E1A680F5B00A75B9A /* Resources */ = {
			isa = PBXResourcesBuildPhase;
			buildActionMask = 2147483647;
			files = (
				81766B211D9CB2AA006B7401 /* Info.plist in Resources */,
				81766B271D9CB2AA006B7401 /* LaunchScreen.strings in Resources */,
				81B2FA341D69893400C8C742 /* Info.plist in Resources */,
				81766B201D9CB2AA006B7401 /* Images.xcassets in Resources */,
				81766B1F1D9CB2AA006B7401 /* LaunchScreen.xib in Resources */,
			);
			runOnlyForDeploymentPostprocessing = 0;
		};
/* End PBXResourcesBuildPhase section */

/* Begin PBXShellScriptBuildPhase section */
		00DD1BFF1BD5951E006B06BC /* Bundle React Native code and images */ = {
			isa = PBXShellScriptBuildPhase;
			buildActionMask = 2147483647;
			files = (
			);
			inputPaths = (
			);
			name = "Bundle React Native code and images";
			outputPaths = (
			);
			runOnlyForDeploymentPostprocessing = 0;
			shellPath = /bin/sh;
			shellScript = "export NODE_BINARY=node\n../node_modules/react-native/packager/react-native-xcode.sh";
		};
		81DC33581D94BA6B008870FE /* ShellScript */ = {
			isa = PBXShellScriptBuildPhase;
			buildActionMask = 2147483647;
			files = (
			);
			inputPaths = (
			);
			outputPaths = (
			);
			runOnlyForDeploymentPostprocessing = 0;
			shellPath = /bin/sh;
			shellScript = "APP_PATH=\"${TARGET_BUILD_DIR}/${WRAPPER_NAME}\"\n\n\n\n# This script loops through the frameworks embedded in the application and\n\n\n\n# removes unused architectures.\n\n\n\nfind \"$APP_PATH\" -name '*.framework' -type d | while read -r FRAMEWORK\n\n\n\ndo\n\n\n\nFRAMEWORK_EXECUTABLE_NAME=$(defaults read \"$FRAMEWORK/Info.plist\" CFBundleExecutable)\n\n\n\nFRAMEWORK_EXECUTABLE_PATH=\"$FRAMEWORK/$FRAMEWORK_EXECUTABLE_NAME\"\n\n\n\necho \"Executable is $FRAMEWORK_EXECUTABLE_PATH\"\n\n\n\nEXTRACTED_ARCHS=()\n\n\n\nfor ARCH in $ARCHS\n\n\n\ndo\n\n\n\necho \"Extracting $ARCH from $FRAMEWORK_EXECUTABLE_NAME\"\n\n\n\nlipo -extract \"$ARCH\" \"$FRAMEWORK_EXECUTABLE_PATH\" -o \"$FRAMEWORK_EXECUTABLE_PATH-$ARCH\"\n\n\n\nEXTRACTED_ARCHS+=(\"$FRAMEWORK_EXECUTABLE_PATH-$ARCH\")\n\n\n\ndone\n\n\n\necho \"Merging extracted architectures: ${ARCHS}\"\n\n\n\nlipo -o \"$FRAMEWORK_EXECUTABLE_PATH-merged\" -create \"${EXTRACTED_ARCHS[@]}\"\n\n\n\nrm \"${EXTRACTED_ARCHS[@]}\"\n\n\n\necho \"Replacing original executable with thinned version\"\n\n\n\nrm \"$FRAMEWORK_EXECUTABLE_PATH\"\n\n\n\nmv \"$FRAMEWORK_EXECUTABLE_PATH-merged\" \"$FRAMEWORK_EXECUTABLE_PATH\"\n\n\n\ndone";
		};
/* End PBXShellScriptBuildPhase section */

/* Begin PBXSourcesBuildPhase section */
		13B07F871A680F5B00A75B9A /* Sources */ = {
			isa = PBXSourcesBuildPhase;
			buildActionMask = 2147483647;
			files = (
				81B2FA331D69893400C8C742 /* sha1.c in Sources */,
				81B2FA301D69893400C8C742 /* hmac.c in Sources */,
				81B2FA3A1D69893400C8C742 /* SSZipArchive.m in Sources */,
				81B2FA2D1D69893400C8C742 /* aestab.c in Sources */,
				81766B101D9CB2AA006B7401 /* AppDelegate.m in Sources */,
				81DC31E21D8CD572008870FE /* Reachability.m in Sources */,
				81B2FA321D69893400C8C742 /* pwd2key.c in Sources */,
				81B2FA381D69893400C8C742 /* zip.c in Sources */,
				81B2FA351D69893400C8C742 /* ioapi.c in Sources */,
				81B2FA2F1D69893400C8C742 /* fileenc.c in Sources */,
				81B2FA2E1D69893400C8C742 /* entropy.c in Sources */,
				81B2FA2C1D69893400C8C742 /* aeskey.c in Sources */,
				81766B241D9CB2AA006B7401 /* main.m in Sources */,
				81B2FA2B1D69893400C8C742 /* aescrypt.c in Sources */,
				81B2FA311D69893400C8C742 /* prng.c in Sources */,
				81766B261D9CB2AA006B7401 /* RNUtils.m in Sources */,
				81766B251D9CB2AA006B7401 /* RNUtilsModule.m in Sources */,
				81B2FA371D69893400C8C742 /* unzip.c in Sources */,
				81B2FA361D69893400C8C742 /* mztools.c in Sources */,
			);
			runOnlyForDeploymentPostprocessing = 0;
		};
/* End PBXSourcesBuildPhase section */

/* Begin PBXVariantGroup section */
		81766B001D9CB2AA006B7401 /* LaunchScreen.xib */ = {
			isa = PBXVariantGroup;
			children = (
				81766B011D9CB2AA006B7401 /* Base */,
			);
			name = LaunchScreen.xib;
			sourceTree = "<group>";
		};
		81766B0E1D9CB2AA006B7401 /* LaunchScreen.strings */ = {
			isa = PBXVariantGroup;
			children = (
				81766B0F1D9CB2AA006B7401 /* zh-Hans */,
			);
			name = LaunchScreen.strings;
			sourceTree = "<group>";
		};
/* End PBXVariantGroup section */

/* Begin XCBuildConfiguration section */
		13B07F941A680F5B00A75B9A /* Debug */ = {
			isa = XCBuildConfiguration;
			buildSettings = {
				ASSETCATALOG_COMPILER_APPICON_NAME = AppIcon;
				ASSETCATALOG_COMPILER_LAUNCHIMAGE_NAME = LaunchImage;
				CODE_SIGN_IDENTITY = "iPhone Developer";
				DEAD_CODE_STRIPPING = NO;
				DEVELOPMENT_TEAM = 9D92792224;
				ENABLE_BITCODE = NO;
				FRAMEWORK_SEARCH_PATHS = (
					"$(inherited)",
					"$(PROJECT_DIR)/AFNetworking/iOS",
				);
				HEADER_SEARCH_PATHS = (
					"$(inherited)",
					/Applications/Xcode.app/Contents/Developer/Toolchains/XcodeDefault.xctoolchain/usr/include,
					"$(SRCROOT)/../node_modules/react-native/React/**",
					"$(SRCROOT)/../node_modules/react-native-image-picker/ios",
					"$(SRCROOT)/../node_modules/react-native-splash-screen/ios",
				);
				INFOPLIST_FILE = "$(SRCROOT)/SrcProject/Info.plist";
				IPHONEOS_DEPLOYMENT_TARGET = 8.0;
				LD_RUNPATH_SEARCH_PATHS = "$(inherited) @executable_path/Frameworks";
				LIBRARY_SEARCH_PATHS = (
					"$(inherited)",
					"$(PROJECT_DIR)/gdt_libs",
					"$(PROJECT_DIR)/mta_sdk",
					"$(PROJECT_DIR)/OpenSDK1.7.4",
					"\"$(SRCROOT)/今天做了啥\"",
					"\"$(SRCROOT)/今天做了啥\"",
				);
				OTHER_LDFLAGS = (
					"$(inherited)",
					"-ObjC",
					"-lc++",
				);
				PRODUCT_BUNDLE_IDENTIFIER = com.yrcn.today;
				PRODUCT_NAME = "今天做了啥";
			};
			name = Debug;
		};
		13B07F951A680F5B00A75B9A /* Release */ = {
			isa = XCBuildConfiguration;
			buildSettings = {
				ASSETCATALOG_COMPILER_APPICON_NAME = AppIcon;
				ASSETCATALOG_COMPILER_LAUNCHIMAGE_NAME = LaunchImage;
				CODE_SIGN_IDENTITY = "iPhone Developer";
				DEVELOPMENT_TEAM = 9D92792224;
				ENABLE_BITCODE = NO;
				FRAMEWORK_SEARCH_PATHS = (
					"$(inherited)",
					"$(PROJECT_DIR)/AFNetworking/iOS",
				);
				HEADER_SEARCH_PATHS = (
					"$(inherited)",
					/Applications/Xcode.app/Contents/Developer/Toolchains/XcodeDefault.xctoolchain/usr/include,
					"$(SRCROOT)/../node_modules/react-native/React/**",
					"$(SRCROOT)/../node_modules/react-native-image-picker/ios",
					"$(SRCROOT)/../node_modules/react-native-splash-screen/ios",
				);
				INFOPLIST_FILE = "$(SRCROOT)/SrcProject/Info.plist";
				IPHONEOS_DEPLOYMENT_TARGET = 8.0;
				LD_RUNPATH_SEARCH_PATHS = "$(inherited) @executable_path/Frameworks";
				LIBRARY_SEARCH_PATHS = (
					"$(inherited)",
					"$(PROJECT_DIR)/gdt_libs",
					"$(PROJECT_DIR)/mta_sdk",
					"$(PROJECT_DIR)/OpenSDK1.7.4",
					"\"$(SRCROOT)/今天做了啥\"",
					"\"$(SRCROOT)/今天做了啥\"",
				);
				OTHER_LDFLAGS = (
					"$(inherited)",
					"-ObjC",
					"-lc++",
				);
				PRODUCT_BUNDLE_IDENTIFIER = com.yrcn.today;
				PRODUCT_NAME = "今天做了啥";
			};
			name = Release;
		};
		83CBBA201A601CBA00E9B192 /* Debug */ = {
			isa = XCBuildConfiguration;
			buildSettings = {
				ALWAYS_SEARCH_USER_PATHS = NO;
				CLANG_CXX_LANGUAGE_STANDARD = "gnu++0x";
				CLANG_CXX_LIBRARY = "libc++";
				CLANG_ENABLE_MODULES = YES;
				CLANG_ENABLE_OBJC_ARC = YES;
				CLANG_WARN_BOOL_CONVERSION = YES;
				CLANG_WARN_CONSTANT_CONVERSION = YES;
				CLANG_WARN_DIRECT_OBJC_ISA_USAGE = YES_ERROR;
				CLANG_WARN_EMPTY_BODY = YES;
				CLANG_WARN_ENUM_CONVERSION = YES;
				CLANG_WARN_INT_CONVERSION = YES;
				CLANG_WARN_OBJC_ROOT_CLASS = YES_ERROR;
				CLANG_WARN_UNREACHABLE_CODE = YES;
				CLANG_WARN__DUPLICATE_METHOD_MATCH = YES;
				"CODE_SIGN_IDENTITY[sdk=iphoneos*]" = "iPhone Developer";
				COPY_PHASE_STRIP = NO;
				ENABLE_STRICT_OBJC_MSGSEND = YES;
				GCC_C_LANGUAGE_STANDARD = gnu99;
				GCC_DYNAMIC_NO_PIC = NO;
				GCC_OPTIMIZATION_LEVEL = 0;
				GCC_PREPROCESSOR_DEFINITIONS = (
					"DEBUG=1",
					"$(inherited)",
				);
				GCC_SYMBOLS_PRIVATE_EXTERN = NO;
				GCC_WARN_64_TO_32_BIT_CONVERSION = YES;
				GCC_WARN_ABOUT_RETURN_TYPE = YES_ERROR;
				GCC_WARN_UNDECLARED_SELECTOR = YES;
				GCC_WARN_UNINITIALIZED_AUTOS = YES_AGGRESSIVE;
				GCC_WARN_UNUSED_FUNCTION = YES;
				GCC_WARN_UNUSED_VARIABLE = YES;
				HEADER_SEARCH_PATHS = (
					"$(inherited)",
					/Applications/Xcode.app/Contents/Developer/Toolchains/XcodeDefault.xctoolchain/usr/include,
					"$(SRCROOT)/../node_modules/react-native/React/**",
					"$(SRCROOT)/../node_modules/react-native-image-picker/ios",
					"$(SRCROOT)/../node_modules/react-native-splash-screen/ios",
				);
				IPHONEOS_DEPLOYMENT_TARGET = 7.0;
				MTL_ENABLE_DEBUG_INFO = YES;
				ONLY_ACTIVE_ARCH = YES;
				SDKROOT = iphoneos;
			};
			name = Debug;
		};
		83CBBA211A601CBA00E9B192 /* Release */ = {
			isa = XCBuildConfiguration;
			buildSettings = {
				ALWAYS_SEARCH_USER_PATHS = NO;
				CLANG_CXX_LANGUAGE_STANDARD = "gnu++0x";
				CLANG_CXX_LIBRARY = "libc++";
				CLANG_ENABLE_MODULES = YES;
				CLANG_ENABLE_OBJC_ARC = YES;
				CLANG_WARN_BOOL_CONVERSION = YES;
				CLANG_WARN_CONSTANT_CONVERSION = YES;
				CLANG_WARN_DIRECT_OBJC_ISA_USAGE = YES_ERROR;
				CLANG_WARN_EMPTY_BODY = YES;
				CLANG_WARN_ENUM_CONVERSION = YES;
				CLANG_WARN_INT_CONVERSION = YES;
				CLANG_WARN_OBJC_ROOT_CLASS = YES_ERROR;
				CLANG_WARN_UNREACHABLE_CODE = YES;
				CLANG_WARN__DUPLICATE_METHOD_MATCH = YES;
				"CODE_SIGN_IDENTITY[sdk=iphoneos*]" = "iPhone Developer";
				COPY_PHASE_STRIP = YES;
				ENABLE_NS_ASSERTIONS = NO;
				ENABLE_STRICT_OBJC_MSGSEND = YES;
				GCC_C_LANGUAGE_STANDARD = gnu99;
				GCC_WARN_64_TO_32_BIT_CONVERSION = YES;
				GCC_WARN_ABOUT_RETURN_TYPE = YES_ERROR;
				GCC_WARN_UNDECLARED_SELECTOR = YES;
				GCC_WARN_UNINITIALIZED_AUTOS = YES_AGGRESSIVE;
				GCC_WARN_UNUSED_FUNCTION = YES;
				GCC_WARN_UNUSED_VARIABLE = YES;
				HEADER_SEARCH_PATHS = (
					"$(inherited)",
					/Applications/Xcode.app/Contents/Developer/Toolchains/XcodeDefault.xctoolchain/usr/include,
					"$(SRCROOT)/../node_modules/react-native/React/**",
					"$(SRCROOT)/../node_modules/react-native-image-picker/ios",
					"$(SRCROOT)/../node_modules/react-native-splash-screen/ios",
				);
				IPHONEOS_DEPLOYMENT_TARGET = 7.0;
				MTL_ENABLE_DEBUG_INFO = NO;
				SDKROOT = iphoneos;
				VALIDATE_PRODUCT = YES;
			};
			name = Release;
		};
/* End XCBuildConfiguration section */

/* Begin XCConfigurationList section */
		13B07F931A680F5B00A75B9A /* Build configuration list for PBXNativeTarget "TodayProject" */ = {
			isa = XCConfigurationList;
			buildConfigurations = (
				13B07F941A680F5B00A75B9A /* Debug */,
				13B07F951A680F5B00A75B9A /* Release */,
			);
			defaultConfigurationIsVisible = 0;
			defaultConfigurationName = Release;
		};
		83CBB9FA1A601CBA00E9B192 /* Build configuration list for PBXProject "TodayProject" */ = {
			isa = XCConfigurationList;
			buildConfigurations = (
				83CBBA201A601CBA00E9B192 /* Debug */,
				83CBBA211A601CBA00E9B192 /* Release */,
			);
			defaultConfigurationIsVisible = 0;
			defaultConfigurationName = Release;
		};
/* End XCConfigurationList section */
	};
	rootObject = 83CBB9F71A601CBA00E9B192 /* Project object */;
}
